
Microsoft Visual Studio Solution File, Format Version 12.00
# Visual Studio 15
VisualStudioVersion = 15.0.26228.4
MinimumVisualStudioVersion = 10.0.40219.1
Project("{FAE04EC0-301F-11D3-BF4B-00C04F79EFBC}") = "DocuSignWebSample", "DocuSignWebSample\DocuSignWebSample.csproj", "{7CE44812-7B51-45C8-BEAA-FC4BFC025960}"
EndProject
Project("{FAE04EC0-301F-11D3-BF4B-00C04F79EFBC}") = "DocuSignLibrary", "DocuSignLibrary\DocuSignLibrary.csproj", "{F7627B93-6851-4172-B841-1B6D612F896D}"
EndProject
Global
	GlobalSection(SolutionConfigurationPlatforms) = preSolution
		Debug|Any CPU = Debug|Any CPU
		Release|Any CPU = Release|Any CPU
	EndGlobalSection
	GlobalSection(ProjectConfigurationPlatforms) = postSolution
		{7CE44812-7B51-45C8-BEAA-FC4BFC025960}.Debug|Any CPU.ActiveCfg = Debug|Any CPU
		{7CE44812-7B51-45C8-BEAA-FC4BFC025960}.Debug|Any CPU.Build.0 = Debug|Any CPU
		{7CE44812-7B51-45C8-BEAA-FC4BFC025960}.Release|Any CPU.ActiveCfg = Release|Any CPU
		{7CE44812-7B51-45C8-BEAA-FC4BFC025960}.Release|Any CPU.Build.0 = Release|Any CPU
		{F7627B93-6851-4172-B841-1B6D612F896D}.Debug|Any CPU.ActiveCfg = Debug|Any CPU
		{F7627B93-6851-4172-B841-1B6D612F896D}.Debug|Any CPU.Build.0 = Debug|Any CPU
		{F7627B93-6851-4172-B841-1B6D612F896D}.Release|Any CPU.ActiveCfg = Release|Any CPU
		{F7627B93-6851-4172-B841-1B6D612F896D}.Release|Any CPU.Build.0 = Release|Any CPU
	EndGlobalSection
	GlobalSection(SolutionProperties) = preSolution
		HideSolutionNode = FALSE
	EndGlobalSection
EndGlobal
